
Microsoft Visual Studio Solution File, Format Version 12.00
# Visual Studio Version 17
VisualStudioVersion = 17.6.33723.286
MinimumVisualStudioVersion = 10.0.40219.1
Project("{9A19103F-16F7-4668-BE54-9A1E7A4F7556}") = "Broker", "Src\Broker\Broker.csproj", "{6DABEC1F-3216-4677-94C9-1939578CEDD4}"
EndProject
Project("{9A19103F-16F7-4668-BE54-9A1E7A4F7556}") = "Subscriber", "Src\Subscriber\Subscriber.csproj", "{25BFC101-DFAC-4CEC-9B8F-080259033246}"
EndProject
Project("{9A19103F-16F7-4668-BE54-9A1E7A4F7556}") = "Contracts", "Src\Contracts\Contracts.csproj", "{2ED17020-21B7-4F8B-8CCB-88B4D24951A6}"
EndProject
Project("{9A19103F-16F7-4668-BE54-9A1E7A4F7556}") = "Publisher", "Src\Publisher\Publisher.csproj", "{048477C5-CDED-4FFA-83F7-6E68D0C18A6D}"
EndProject
Project("{2150E333-8FDC-42A3-9474-1A3956D46DE8}") = "Source", "Source", "{F6B7CAF0-7B1D-4214-AF09-B40C1407990D}"
EndProject
Project("{2150E333-8FDC-42A3-9474-1A3956D46DE8}") = "Tests", "Tests", "{BDD8489A-153B-4674-9831-864701667E54}"
EndProject
Project("{9A19103F-16F7-4668-BE54-9A1E7A4F7556}") = "Test", "Test\Test.csproj", "{18AD97F1-5796-458E-89A7-14B659878E83}"
EndProject
Global
	GlobalSection(SolutionConfigurationPlatforms) = preSolution
		Debug|Any CPU = Debug|Any CPU
		Release|Any CPU = Release|Any CPU
	EndGlobalSection
	GlobalSection(ProjectConfigurationPlatforms) = postSolution
		{6DABEC1F-3216-4677-94C9-1939578CEDD4}.Debug|Any CPU.ActiveCfg = Debug|Any CPU
		{6DABEC1F-3216-4677-94C9-1939578CEDD4}.Debug|Any CPU.Build.0 = Debug|Any CPU
		{6DABEC1F-3216-4677-94C9-1939578CEDD4}.Release|Any CPU.ActiveCfg = Release|Any CPU
		{6DABEC1F-3216-4677-94C9-1939578CEDD4}.Release|Any CPU.Build.0 = Release|Any CPU
		{25BFC101-DFAC-4CEC-9B8F-080259033246}.Debug|Any CPU.ActiveCfg = Debug|Any CPU
		{25BFC101-DFAC-4CEC-9B8F-080259033246}.Debug|Any CPU.Build.0 = Debug|Any CPU
		{25BFC101-DFAC-4CEC-9B8F-080259033246}.Release|Any CPU.ActiveCfg = Release|Any CPU
		{25BFC101-DFAC-4CEC-9B8F-080259033246}.Release|Any CPU.Build.0 = Release|Any CPU
		{2ED17020-21B7-4F8B-8CCB-88B4D24951A6}.Debug|Any CPU.ActiveCfg = Debug|Any CPU
		{2ED17020-21B7-4F8B-8CCB-88B4D24951A6}.Debug|Any CPU.Build.0 = Debug|Any CPU
		{2ED17020-21B7-4F8B-8CCB-88B4D24951A6}.Release|Any CPU.ActiveCfg = Release|Any CPU
		{2ED17020-21B7-4F8B-8CCB-88B4D24951A6}.Release|Any CPU.Build.0 = Release|Any CPU
		{048477C5-CDED-4FFA-83F7-6E68D0C18A6D}.Debug|Any CPU.ActiveCfg = Debug|Any CPU
		{048477C5-CDED-4FFA-83F7-6E68D0C18A6D}.Debug|Any CPU.Build.0 = Debug|Any CPU
		{048477C5-CDED-4FFA-83F7-6E68D0C18A6D}.Release|Any CPU.ActiveCfg = Release|Any CPU
		{048477C5-CDED-4FFA-83F7-6E68D0C18A6D}.Release|Any CPU.Build.0 = Release|Any CPU
		{18AD97F1-5796-458E-89A7-14B659878E83}.Debug|Any CPU.ActiveCfg = Debug|Any CPU
		{18AD97F1-5796-458E-89A7-14B659878E83}.Debug|Any CPU.Build.0 = Debug|Any CPU
		{18AD97F1-5796-458E-89A7-14B659878E83}.Release|Any CPU.ActiveCfg = Release|Any CPU
		{18AD97F1-5796-458E-89A7-14B659878E83}.Release|Any CPU.Build.0 = Release|Any CPU
	EndGlobalSection
	GlobalSection(SolutionProperties) = preSolution
		HideSolutionNode = FALSE
	EndGlobalSection
	GlobalSection(NestedProjects) = preSolution
		{6DABEC1F-3216-4677-94C9-1939578CEDD4} = {F6B7CAF0-7B1D-4214-AF09-B40C1407990D}
		{25BFC101-DFAC-4CEC-9B8F-080259033246} = {F6B7CAF0-7B1D-4214-AF09-B40C1407990D}
		{2ED17020-21B7-4F8B-8CCB-88B4D24951A6} = {F6B7CAF0-7B1D-4214-AF09-B40C1407990D}
		{048477C5-CDED-4FFA-83F7-6E68D0C18A6D} = {F6B7CAF0-7B1D-4214-AF09-B40C1407990D}
		{18AD97F1-5796-458E-89A7-14B659878E83} = {BDD8489A-153B-4674-9831-864701667E54}
	EndGlobalSection
	GlobalSection(ExtensibilityGlobals) = postSolution
		SolutionGuid = {08CB4E5E-D889-424D-A517-DBBA474C908B}
	EndGlobalSection
EndGlobal
